
Microsoft Visual Studio Solution File, Format Version 12.00
# Visual Studio Version 17
VisualStudioVersion = 17.11.35222.181
MinimumVisualStudioVersion = 10.0.40219.1
Project("{FAE04EC0-301F-11D3-BF4B-00C04F79EFBC}") = "TesteInverterString", "TesteInverterString\TesteInverterString.csproj", "{061F7712-FE90-4977-BFAA-B57A295A5B4E}"
EndProject
Global
	GlobalSection(SolutionConfigurationPlatforms) = preSolution
		Debug|Any CPU = Debug|Any CPU
		Release|Any CPU = Release|Any CPU
	EndGlobalSection
	GlobalSection(ProjectConfigurationPlatforms) = postSolution
		{061F7712-FE90-4977-BFAA-B57A295A5B4E}.Debug|Any CPU.ActiveCfg = Debug|Any CPU
		{061F7712-FE90-4977-BFAA-B57A295A5B4E}.Debug|Any CPU.Build.0 = Debug|Any CPU
		{061F7712-FE90-4977-BFAA-B57A295A5B4E}.Release|Any CPU.ActiveCfg = Release|Any CPU
		{061F7712-FE90-4977-BFAA-B57A295A5B4E}.Release|Any CPU.Build.0 = Release|Any CPU
	EndGlobalSection
	GlobalSection(SolutionProperties) = preSolution
		HideSolutionNode = FALSE
	EndGlobalSection
	GlobalSection(ExtensibilityGlobals) = postSolution
		SolutionGuid = {2E5F1DE3-153A-4A9C-904A-16B1A1512F42}
	EndGlobalSection
EndGlobal
