
Microsoft Visual Studio Solution File, Format Version 12.00
# Visual Studio Version 17
VisualStudioVersion = 17.11.35222.181
MinimumVisualStudioVersion = 10.0.40219.1
Project("{FAE04EC0-301F-11D3-BF4B-00C04F79EFBC}") = "TesteFibonacci", "TesteFibonacci\TesteFibonacci.csproj", "{95D40B93-35AE-4649-997F-D54A27FA81EB}"
EndProject
Global
	GlobalSection(SolutionConfigurationPlatforms) = preSolution
		Debug|Any CPU = Debug|Any CPU
		Release|Any CPU = Release|Any CPU
	EndGlobalSection
	GlobalSection(ProjectConfigurationPlatforms) = postSolution
		{95D40B93-35AE-4649-997F-D54A27FA81EB}.Debug|Any CPU.ActiveCfg = Debug|Any CPU
		{95D40B93-35AE-4649-997F-D54A27FA81EB}.Debug|Any CPU.Build.0 = Debug|Any CPU
		{95D40B93-35AE-4649-997F-D54A27FA81EB}.Release|Any CPU.ActiveCfg = Release|Any CPU
		{95D40B93-35AE-4649-997F-D54A27FA81EB}.Release|Any CPU.Build.0 = Release|Any CPU
	EndGlobalSection
	GlobalSection(SolutionProperties) = preSolution
		HideSolutionNode = FALSE
	EndGlobalSection
	GlobalSection(ExtensibilityGlobals) = postSolution
		SolutionGuid = {E1F788B3-A248-40B9-8A05-E40CA11D1EAF}
	EndGlobalSection
EndGlobal
